// !$*UTF8*$!
{
	archiveVersion = 1;
	classes = {
	};
	objectVersion = 46;
	objects = {

/* Begin PBXBuildFile section */
		987F723E19F0DD2800BFA477 /* main.m in Sources */ = {isa = PBXBuildFile; fileRef = 987F723D19F0DD2800BFA477 /* main.m */; };
		987F724119F0DD2800BFA477 /* AppDelegate.m in Sources */ = {isa = PBXBuildFile; fileRef = 987F724019F0DD2800BFA477 /* AppDelegate.m */; };
		987F724419F0DD2800BFA477 /* GameScene.m in Sources */ = {isa = PBXBuildFile; fileRef = 987F724319F0DD2800BFA477 /* GameScene.m */; };
		987F724619F0DD2800BFA477 /* GameScene.sks in Resources */ = {isa = PBXBuildFile; fileRef = 987F724519F0DD2800BFA477 /* GameScene.sks */; };
		987F724919F0DD2800BFA477 /* GameViewController.m in Sources */ = {isa = PBXBuildFile; fileRef = 987F724819F0DD2800BFA477 /* GameViewController.m */; };
		987F724C19F0DD2800BFA477 /* Main.storyboard in Resources */ = {isa = PBXBuildFile; fileRef = 987F724A19F0DD2800BFA477 /* Main.storyboard */; };
		987F724E19F0DD2800BFA477 /* Images.xcassets in Resources */ = {isa = PBXBuildFile; fileRef = 987F724D19F0DD2800BFA477 /* Images.xcassets */; };
		987F725119F0DD2800BFA477 /* LaunchScreen.xib in Resources */ = {isa = PBXBuildFile; fileRef = 987F724F19F0DD2800BFA477 /* LaunchScreen.xib */; };
		987F725D19F0DD2800BFA477 /* Game_SpriteKitTests.m in Sources */ = {isa = PBXBuildFile; fileRef = 987F725C19F0DD2800BFA477 /* Game_SpriteKitTests.m */; };
		987F726C19F2845500BFA477 /* GameScene1.m in Sources */ = {isa = PBXBuildFile; fileRef = 987F726719F2845500BFA477 /* GameScene1.m */; };
		987F726D19F2845500BFA477 /* GameScene2.m in Sources */ = {isa = PBXBuildFile; fileRef = 987F726919F2845500BFA477 /* GameScene2.m */; };
		987F726E19F2845500BFA477 /* GameScene3.m in Sources */ = {isa = PBXBuildFile; fileRef = 987F726B19F2845500BFA477 /* GameScene3.m */; };
/* End PBXBuildFile section */

/* Begin PBXContainerItemProxy section */
		987F725719F0DD2800BFA477 /* PBXContainerItemProxy */ = {
			isa = PBXContainerItemProxy;
			containerPortal = 987F723019F0DD2800BFA477 /* Project object */;
			proxyType = 1;
			remoteGlobalIDString = 987F723719F0DD2800BFA477;
			remoteInfo = Game_SpriteKit;
		};
/* End PBXContainerItemProxy section */

/* Begin PBXFileReference section */
		987F723819F0DD2800BFA477 /* Game_SpriteKit.app */ = {isa = PBXFileReference; explicitFileType = wrapper.application; includeInIndex = 0; path = Game_SpriteKit.app; sourceTree = BUILT_PRODUCTS_DIR; };
		987F723C19F0DD2800BFA477 /* Info.plist */ = {isa = PBXFileReference; lastKnownFileType = text.plist.xml; path = Info.plist; sourceTree = "<group>"; };
		987F723D19F0DD2800BFA477 /* main.m */ = {isa = PBXFileReference; lastKnownFileType = sourcecode.c.objc; path = main.m; sourceTree = "<group>"; };
		987F723F19F0DD2800BFA477 /* AppDelegate.h */ = {isa = PBXFileReference; lastKnownFileType = sourcecode.c.h; path = AppDelegate.h; sourceTree = "<group>"; };
		987F724019F0DD2800BFA477 /* AppDelegate.m */ = {isa = PBXFileReference; lastKnownFileType = sourcecode.c.objc; path = AppDelegate.m; sourceTree = "<group>"; };
		987F724219F0DD2800BFA477 /* GameScene.h */ = {isa = PBXFileReference; lastKnownFileType = sourcecode.c.h; path = GameScene.h; sourceTree = "<group>"; };
		987F724319F0DD2800BFA477 /* GameScene.m */ = {isa = PBXFileReference; lastKnownFileType = sourcecode.c.objc; path = GameScene.m; sourceTree = "<group>"; };
		987F724519F0DD2800BFA477 /* GameScene.sks */ = {isa = PBXFileReference; lastKnownFileType = file.sks; path = GameScene.sks; sourceTree = "<group>"; };
		987F724719F0DD2800BFA477 /* GameViewController.h */ = {isa = PBXFileReference; lastKnownFileType = sourcecode.c.h; path = GameViewController.h; sourceTree = "<group>"; };
		987F724819F0DD2800BFA477 /* GameViewController.m */ = {isa = PBXFileReference; lastKnownFileType = sourcecode.c.objc; path = GameViewController.m; sourceTree = "<group>"; };
		987F724B19F0DD2800BFA477 /* Base */ = {isa = PBXFileReference; lastKnownFileType = file.storyboard; name = Base; path = Base.lproj/Main.storyboard; sourceTree = "<group>"; };
		987F724D19F0DD2800BFA477 /* Images.xcassets */ = {isa = PBXFileReference; lastKnownFileType = folder.assetcatalog; path = Images.xcassets; sourceTree = "<group>"; };
		987F725019F0DD2800BFA477 /* Base */ = {isa = PBXFileReference; lastKnownFileType = file.xib; name = Base; path = Base.lproj/LaunchScreen.xib; sourceTree = "<group>"; };
		987F725619F0DD2800BFA477 /* Game_SpriteKitTests.xctest */ = {isa = PBXFileReference; explicitFileType = wrapper.cfbundle; includeInIndex = 0; path = Game_SpriteKitTests.xctest; sourceTree = BUILT_PRODUCTS_DIR; };
		987F725B19F0DD2800BFA477 /* Info.plist */ = {isa = PBXFileReference; lastKnownFileType = text.plist.xml; path = Info.plist; sourceTree = "<group>"; };
		987F725C19F0DD2800BFA477 /* Game_SpriteKitTests.m */ = {isa = PBXFileReference; lastKnownFileType = sourcecode.c.objc; path = Game_SpriteKitTests.m; sourceTree = "<group>"; };
		987F726619F2845500BFA477 /* GameScene1.h */ = {isa = PBXFileReference; fileEncoding = 4; lastKnownFileType = sourcecode.c.h; path = GameScene1.h; sourceTree = "<group>"; };
		987F726719F2845500BFA477 /* GameScene1.m */ = {isa = PBXFileReference; fileEncoding = 4; lastKnownFileType = sourcecode.c.objc; path = GameScene1.m; sourceTree = "<group>"; };
		987F726819F2845500BFA477 /* GameScene2.h */ = {isa = PBXFileReference; fileEncoding = 4; lastKnownFileType = sourcecode.c.h; path = GameScene2.h; sourceTree = "<group>"; };
		987F726919F2845500BFA477 /* GameScene2.m */ = {isa = PBXFileReference; fileEncoding = 4; lastKnownFileType = sourcecode.c.objc; path = GameScene2.m; sourceTree = "<group>"; };
		987F726A19F2845500BFA477 /* GameScene3.h */ = {isa = PBXFileReference; fileEncoding = 4; lastKnownFileType = sourcecode.c.h; path = GameScene3.h; sourceTree = "<group>"; };
		987F726B19F2845500BFA477 /* GameScene3.m */ = {isa = PBXFileReference; fileEncoding = 4; lastKnownFileType = sourcecode.c.objc; path = GameScene3.m; sourceTree = "<group>"; };
/* End PBXFileReference section */

/* Begin PBXFrameworksBuildPhase section */
		987F723519F0DD2800BFA477 /* Frameworks */ = {
			isa = PBXFrameworksBuildPhase;
			buildActionMask = 2147483647;
			files = (
			);
			runOnlyForDeploymentPostprocessing = 0;
		};
		987F725319F0DD2800BFA477 /* Frameworks */ = {
			isa = PBXFrameworksBuildPhase;
			buildActionMask = 2147483647;
			files = (
			);
			runOnlyForDeploymentPostprocessing = 0;
		};
/* End PBXFrameworksBuildPhase section */

/* Begin PBXGroup section */
		987F722F19F0DD2800BFA477 = {
			isa = PBXGroup;
			children = (
				987F723A19F0DD2800BFA477 /* Game_SpriteKit */,
				987F725919F0DD2800BFA477 /* Game_SpriteKitTests */,
				987F723919F0DD2800BFA477 /* Products */,
			);
			sourceTree = "<group>";
		};
		987F723919F0DD2800BFA477 /* Products */ = {
			isa = PBXGroup;
			children = (
				987F723819F0DD2800BFA477 /* Game_SpriteKit.app */,
				987F725619F0DD2800BFA477 /* Game_SpriteKitTests.xctest */,
			);
			name = Products;
			sourceTree = "<group>";
		};
		987F723A19F0DD2800BFA477 /* Game_SpriteKit */ = {
			isa = PBXGroup;
			children = (
				987F723F19F0DD2800BFA477 /* AppDelegate.h */,
				987F724019F0DD2800BFA477 /* AppDelegate.m */,
				987F724219F0DD2800BFA477 /* GameScene.h */,
				987F724319F0DD2800BFA477 /* GameScene.m */,
				987F724519F0DD2800BFA477 /* GameScene.sks */,
				987F724719F0DD2800BFA477 /* GameViewController.h */,
				987F724819F0DD2800BFA477 /* GameViewController.m */,
				987F726619F2845500BFA477 /* GameScene1.h */,
				987F726719F2845500BFA477 /* GameScene1.m */,
				987F726819F2845500BFA477 /* GameScene2.h */,
				987F726919F2845500BFA477 /* GameScene2.m */,
				987F726A19F2845500BFA477 /* GameScene3.h */,
				987F726B19F2845500BFA477 /* GameScene3.m */,
				987F724A19F0DD2800BFA477 /* Main.storyboard */,
				987F724D19F0DD2800BFA477 /* Images.xcassets */,
				987F724F19F0DD2800BFA477 /* LaunchScreen.xib */,
				987F723B19F0DD2800BFA477 /* Supporting Files */,
			);
			path = Game_SpriteKit;
			sourceTree = "<group>";
		};
		987F723B19F0DD2800BFA477 /* Supporting Files */ = {
			isa = PBXGroup;
			children = (
				987F723C19F0DD2800BFA477 /* Info.plist */,
				987F723D19F0DD2800BFA477 /* main.m */,
			);
			name = "Supporting Files";
			sourceTree = "<group>";
		};
		987F725919F0DD2800BFA477 /* Game_SpriteKitTests */ = {
			isa = PBXGroup;
			children = (
				987F725C19F0DD2800BFA477 /* Game_SpriteKitTests.m */,
				987F725A19F0DD2800BFA477 /* Supporting Files */,
			);
			path = Game_SpriteKitTests;
			sourceTree = "<group>";
		};
		987F725A19F0DD2800BFA477 /* Supporting Files */ = {
			isa = PBXGroup;
			children = (
				987F725B19F0DD2800BFA477 /* Info.plist */,
			);
			name = "Supporting Files";
			sourceTree = "<group>";
		};
/* End PBXGroup section */

/* Begin PBXNativeTarget section */
		987F723719F0DD2800BFA477 /* Game_SpriteKit */ = {
			isa = PBXNativeTarget;
			buildConfigurationList = 987F726019F0DD2800BFA477 /* Build configuration list for PBXNativeTarget "Game_SpriteKit" */;
			buildPhases = (
				987F723419F0DD2800BFA477 /* Sources */,
				987F723519F0DD2800BFA477 /* Frameworks */,
				987F723619F0DD2800BFA477 /* Resources */,
			);
			buildRules = (
			);
			dependencies = (
			);
			name = Game_SpriteKit;
			productName = Game_SpriteKit;
			productReference = 987F723819F0DD2800BFA477 /* Game_SpriteKit.app */;
			productType = "com.apple.product-type.application";
		};
		987F725519F0DD2800BFA477 /* Game_SpriteKitTests */ = {
			isa = PBXNativeTarget;
			buildConfigurationList = 987F726319F0DD2800BFA477 /* Build configuration list for PBXNativeTarget "Game_SpriteKitTests" */;
			buildPhases = (
				987F725219F0DD2800BFA477 /* Sources */,
				987F725319F0DD2800BFA477 /* Frameworks */,
				987F725419F0DD2800BFA477 /* Resources */,
			);
			buildRules = (
			);
			dependencies = (
				987F725819F0DD2800BFA477 /* PBXTargetDependency */,
			);
			name = Game_SpriteKitTests;
			productName = Game_SpriteKitTests;
			productReference = 987F725619F0DD2800BFA477 /* Game_SpriteKitTests.xctest */;
			productType = "com.apple.product-type.bundle.unit-test";
		};
/* End PBXNativeTarget section */

/* Begin PBXProject section */
		987F723019F0DD2800BFA477 /* Project object */ = {
			isa = PBXProject;
			attributes = {
				LastUpgradeCheck = 0600;
				ORGANIZATIONNAME = "寺内 信夫";
				TargetAttributes = {
					987F723719F0DD2800BFA477 = {
						CreatedOnToolsVersion = 6.0.1;
					};
					987F725519F0DD2800BFA477 = {
						CreatedOnToolsVersion = 6.0.1;
						TestTargetID = 987F723719F0DD2800BFA477;
					};
				};
			};
			buildConfigurationList = 987F723319F0DD2800BFA477 /* Build configuration list for PBXProject "Game_SpriteKit" */;
			compatibilityVersion = "Xcode 3.2";
			developmentRegion = English;
			hasScannedForEncodings = 0;
			knownRegions = (
				en,
				Base,
			);
			mainGroup = 987F722F19F0DD2800BFA477;
			productRefGroup = 987F723919F0DD2800BFA477 /* Products */;
			projectDirPath = "";
			projectRoot = "";
			targets = (
				987F723719F0DD2800BFA477 /* Game_SpriteKit */,
				987F725519F0DD2800BFA477 /* Game_SpriteKitTests */,
			);
		};
/* End PBXProject section */

/* Begin PBXResourcesBuildPhase section */
		987F723619F0DD2800BFA477 /* Resources */ = {
			isa = PBXResourcesBuildPhase;
			buildActionMask = 2147483647;
			files = (
				987F725119F0DD2800BFA477 /* LaunchScreen.xib in Resources */,
				987F724E19F0DD2800BFA477 /* Images.xcassets in Resources */,
				987F724619F0DD2800BFA477 /* GameScene.sks in Resources */,
				987F724C19F0DD2800BFA477 /* Main.storyboard in Resources */,
			);
			runOnlyForDeploymentPostprocessing = 0;
		};
		987F725419F0DD2800BFA477 /* Resources */ = {
			isa = PBXResourcesBuildPhase;
			buildActionMask = 2147483647;
			files = (
			);
			runOnlyForDeploymentPostprocessing = 0;
		};
/* End PBXResourcesBuildPhase section */

/* Begin PBXSourcesBuildPhase section */
		987F723419F0DD2800BFA477 /* Sources */ = {
			isa = PBXSourcesBuildPhase;
			buildActionMask = 2147483647;
			files = (
				987F726C19F2845500BFA477 /* GameScene1.m in Sources */,
				987F726E19F2845500BFA477 /* GameScene3.m in Sources */,
				987F724919F0DD2800BFA477 /* GameViewController.m in Sources */,
				987F724119F0DD2800BFA477 /* AppDelegate.m in Sources */,
				987F724419F0DD2800BFA477 /* GameScene.m in Sources */,
				987F723E19F0DD2800BFA477 /* main.m in Sources */,
				987F726D19F2845500BFA477 /* GameScene2.m in Sources */,
			);
			runOnlyForDeploymentPostprocessing = 0;
		};
		987F725219F0DD2800BFA477 /* Sources */ = {
			isa = PBXSourcesBuildPhase;
			buildActionMask = 2147483647;
			files = (
				987F725D19F0DD2800BFA477 /* Game_SpriteKitTests.m in Sources */,
			);
			runOnlyForDeploymentPostprocessing = 0;
		};
/* End PBXSourcesBuildPhase section */

/* Begin PBXTargetDependency section */
		987F725819F0DD2800BFA477 /* PBXTargetDependency */ = {
			isa = PBXTargetDependency;
			target = 987F723719F0DD2800BFA477 /* Game_SpriteKit */;
			targetProxy = 987F725719F0DD2800BFA477 /* PBXContainerItemProxy */;
		};
/* End PBXTargetDependency section */

/* Begin PBXVariantGroup section */
		987F724A19F0DD2800BFA477 /* Main.storyboard */ = {
			isa = PBXVariantGroup;
			children = (
				987F724B19F0DD2800BFA477 /* Base */,
			);
			name = Main.storyboard;
			sourceTree = "<group>";
		};
		987F724F19F0DD2800BFA477 /* LaunchScreen.xib */ = {
			isa = PBXVariantGroup;
			children = (
				987F725019F0DD2800BFA477 /* Base */,
			);
			name = LaunchScreen.xib;
			sourceTree = "<group>";
		};
/* End PBXVariantGroup section */

/* Begin XCBuildConfiguration section */
		987F725E19F0DD2800BFA477 /* Debug */ = {
			isa = XCBuildConfiguration;
			buildSettings = {
				ALWAYS_SEARCH_USER_PATHS = NO;
				CLANG_CXX_LANGUAGE_STANDARD = "gnu++0x";
				CLANG_CXX_LIBRARY = "libc++";
				CLANG_ENABLE_MODULES = YES;
				CLANG_ENABLE_OBJC_ARC = YES;
				CLANG_WARN_BOOL_CONVERSION = YES;
				CLANG_WARN_CONSTANT_CONVERSION = YES;
				CLANG_WARN_DIRECT_OBJC_ISA_USAGE = YES_ERROR;
				CLANG_WARN_EMPTY_BODY = YES;
				CLANG_WARN_ENUM_CONVERSION = YES;
				CLANG_WARN_INT_CONVERSION = YES;
				CLANG_WARN_OBJC_ROOT_CLASS = YES_ERROR;
				CLANG_WARN_UNREACHABLE_CODE = YES;
				CLANG_WARN__DUPLICATE_METHOD_MATCH = YES;
				"CODE_SIGN_IDENTITY[sdk=iphoneos*]" = "iPhone Developer";
				COPY_PHASE_STRIP = NO;
				ENABLE_STRICT_OBJC_MSGSEND = YES;
				GCC_C_LANGUAGE_STANDARD = gnu99;
				GCC_DYNAMIC_NO_PIC = NO;
				GCC_OPTIMIZATION_LEVEL = 0;
				GCC_PREPROCESSOR_DEFINITIONS = (
					"DEBUG=1",
					"$(inherited)",
				);
				GCC_SYMBOLS_PRIVATE_EXTERN = NO;
				GCC_WARN_64_TO_32_BIT_CONVERSION = YES;
				GCC_WARN_ABOUT_RETURN_TYPE = YES_ERROR;
				GCC_WARN_UNDECLARED_SELECTOR = YES;
				GCC_WARN_UNINITIALIZED_AUTOS = YES_AGGRESSIVE;
				GCC_WARN_UNUSED_FUNCTION = YES;
				GCC_WARN_UNUSED_VARIABLE = YES;
				IPHONEOS_DEPLOYMENT_TARGET = 8.0;
				MTL_ENABLE_DEBUG_INFO = YES;
				ONLY_ACTIVE_ARCH = YES;
				SDKROOT = iphoneos;
				TARGETED_DEVICE_FAMILY = "1,2";
			};
			name = Debug;
		};
		987F725F19F0DD2800BFA477 /* Release */ = {
			isa = XCBuildConfiguration;
			buildSettings = {
				ALWAYS_SEARCH_USER_PATHS = NO;
				CLANG_CXX_LANGUAGE_STANDARD = "gnu++0x";
				CLANG_CXX_LIBRARY = "libc++";
				CLANG_ENABLE_MODULES = YES;
				CLANG_ENABLE_OBJC_ARC = YES;
				CLANG_WARN_BOOL_CONVERSION = YES;
				CLANG_WARN_CONSTANT_CONVERSION = YES;
				CLANG_WARN_DIRECT_OBJC_ISA_USAGE = YES_ERROR;
				CLANG_WARN_EMPTY_BODY = YES;
				CLANG_WARN_ENUM_CONVERSION = YES;
				CLANG_WARN_INT_CONVERSION = YES;
				CLANG_WARN_OBJC_ROOT_CLASS = YES_ERROR;
				CLANG_WARN_UNREACHABLE_CODE = YES;
				CLANG_WARN__DUPLICATE_METHOD_MATCH = YES;
				"CODE_SIGN_IDENTITY[sdk=iphoneos*]" = "iPhone Developer";
				COPY_PHASE_STRIP = YES;
				ENABLE_NS_ASSERTIONS = NO;
				ENABLE_STRICT_OBJC_MSGSEND = YES;
				GCC_C_LANGUAGE_STANDARD = gnu99;
				GCC_WARN_64_TO_32_BIT_CONVERSION = YES;
				GCC_WARN_ABOUT_RETURN_TYPE = YES_ERROR;
				GCC_WARN_UNDECLARED_SELECTOR = YES;
				GCC_WARN_UNINITIALIZED_AUTOS = YES_AGGRESSIVE;
				GCC_WARN_UNUSED_FUNCTION = YES;
				GCC_WARN_UNUSED_VARIABLE = YES;
				IPHONEOS_DEPLOYMENT_TARGET = 8.0;
				MTL_ENABLE_DEBUG_INFO = NO;
				SDKROOT = iphoneos;
				TARGETED_DEVICE_FAMILY = "1,2";
				VALIDATE_PRODUCT = YES;
			};
			name = Release;
		};
		987F726119F0DD2800BFA477 /* Debug */ = {
			isa = XCBuildConfiguration;
			buildSettings = {
				ASSETCATALOG_COMPILER_APPICON_NAME = AppIcon;
				INFOPLIST_FILE = Game_SpriteKit/Info.plist;
				LD_RUNPATH_SEARCH_PATHS = "$(inherited) @executable_path/Frameworks";
				PRODUCT_NAME = "$(TARGET_NAME)";
			};
			name = Debug;
		};
		987F726219F0DD2800BFA477 /* Release */ = {
			isa = XCBuildConfiguration;
			buildSettings = {
				ASSETCATALOG_COMPILER_APPICON_NAME = AppIcon;
				INFOPLIST_FILE = Game_SpriteKit/Info.plist;
				LD_RUNPATH_SEARCH_PATHS = "$(inherited) @executable_path/Frameworks";
				PRODUCT_NAME = "$(TARGET_NAME)";
			};
			name = Release;
		};
		987F726419F0DD2800BFA477 /* Debug */ = {
			isa = XCBuildConfiguration;
			buildSettings = {
				BUNDLE_LOADER = "$(TEST_HOST)";
				FRAMEWORK_SEARCH_PATHS = (
					"$(SDKROOT)/Developer/Library/Frameworks",
					"$(inherited)",
				);
				GCC_PREPROCESSOR_DEFINITIONS = (
					"DEBUG=1",
					"$(inherited)",
				);
				INFOPLIST_FILE = Game_SpriteKitTests/Info.plist;
				LD_RUNPATH_SEARCH_PATHS = "$(inherited) @executable_path/Frameworks @loader_path/Frameworks";
				PRODUCT_NAME = "$(TARGET_NAME)";
				TEST_HOST = "$(BUILT_PRODUCTS_DIR)/Game_SpriteKit.app/Game_SpriteKit";
			};
			name = Debug;
		};
		987F726519F0DD2800BFA477 /* Release */ = {
			isa = XCBuildConfiguration;
			buildSettings = {
				BUNDLE_LOADER = "$(TEST_HOST)";
				FRAMEWORK_SEARCH_PATHS = (
					"$(SDKROOT)/Developer/Library/Frameworks",
					"$(inherited)",
				);
				INFOPLIST_FILE = Game_SpriteKitTests/Info.plist;
				LD_RUNPATH_SEARCH_PATHS = "$(inherited) @executable_path/Frameworks @loader_path/Frameworks";
				PRODUCT_NAME = "$(TARGET_NAME)";
				TEST_HOST = "$(BUILT_PRODUCTS_DIR)/Game_SpriteKit.app/Game_SpriteKit";
			};
			name = Release;
		};
/* End XCBuildConfiguration section */

/* Begin XCConfigurationList section */
		987F723319F0DD2800BFA477 /* Build configuration list for PBXProject "Game_SpriteKit" */ = {
			isa = XCConfigurationList;
			buildConfigurations = (
				987F725E19F0DD2800BFA477 /* Debug */,
				987F725F19F0DD2800BFA477 /* Release */,
			);
			defaultConfigurationIsVisible = 0;
			defaultConfigurationName = Release;
		};
		987F726019F0DD2800BFA477 /* Build configuration list for PBXNativeTarget "Game_SpriteKit" */ = {
			isa = XCConfigurationList;
			buildConfigurations = (
				987F726119F0DD2800BFA477 /* Debug */,
				987F726219F0DD2800BFA477 /* Release */,
			);
			defaultConfigurationIsVisible = 0;
			defaultConfigurationName = Release;
		};
		987F726319F0DD2800BFA477 /* Build configuration list for PBXNativeTarget "Game_SpriteKitTests" */ = {
			isa = XCConfigurationList;
			buildConfigurations = (
				987F726419F0DD2800BFA477 /* Debug */,
				987F726519F0DD2800BFA477 /* Release */,
			);
			defaultConfigurationIsVisible = 0;
			defaultConfigurationName = Release;
		};
/* End XCConfigurationList section */
	};
	rootObject = 987F723019F0DD2800BFA477 /* Project object */;
}
